
Microsoft Visual Studio Solution File, Format Version 12.00
# Visual Studio Version 16
VisualStudioVersion = 16.0.31005.135
MinimumVisualStudioVersion = 10.0.40219.1
Project("{FAE04EC0-301F-11D3-BF4B-00C04F79EFBC}") = "netframeworkLABA1", "netframeworkLABA1\netframeworkLABA1.csproj", "{84E0BDE9-9A58-48AB-A831-CD1B338D69E8}"
EndProject
Global
	GlobalSection(SolutionConfigurationPlatforms) = preSolution
		Debug|Any CPU = Debug|Any CPU
		Release|Any CPU = Release|Any CPU
	EndGlobalSection
	GlobalSection(ProjectConfigurationPlatforms) = postSolution
		{84E0BDE9-9A58-48AB-A831-CD1B338D69E8}.Debug|Any CPU.ActiveCfg = Debug|Any CPU
		{84E0BDE9-9A58-48AB-A831-CD1B338D69E8}.Debug|Any CPU.Build.0 = Debug|Any CPU
		{84E0BDE9-9A58-48AB-A831-CD1B338D69E8}.Release|Any CPU.ActiveCfg = Release|Any CPU
		{84E0BDE9-9A58-48AB-A831-CD1B338D69E8}.Release|Any CPU.Build.0 = Release|Any CPU
	EndGlobalSection
	GlobalSection(SolutionProperties) = preSolution
		HideSolutionNode = FALSE
	EndGlobalSection
	GlobalSection(ExtensibilityGlobals) = postSolution
		SolutionGuid = {58EBB0D0-234D-4133-8DAF-86043595A04C}
	EndGlobalSection
EndGlobal
